// !$*UTF8*$!
{
	archiveVersion = 1;
	classes = {
	};
	objectVersion = 56;
	objects = {

/* Begin PBXBuildFile section */
		25E9BEAB0FDBADE361797536 /* Assets.xcassets in Resources */ = {isa = PBXBuildFile; fileRef = AE691EFE359BB024898D45AC /* Assets.xcassets */; };
		261B48C2F8650696FA83BE01 /* SplashView.swift in Sources */ = {isa = PBXBuildFile; fileRef = 5963187F09BEB002465773B9 /* SplashView.swift */; };
		29038600B7A12A9B4F1E080E /* PhotoRequests.swift in Sources */ = {isa = PBXBuildFile; fileRef = 73F1AAA7D8C67CBA112B5DEA /* PhotoRequests.swift */; };
		4B931E5DE50D65AF005BAEDC /* ContactModels.swift in Sources */ = {isa = PBXBuildFile; fileRef = 85A365BD3165443B28372D17 /* ContactModels.swift */; };
		5BEBA2D7306939F400503B83 /* LibraryModels.swift in Sources */ = {isa = PBXBuildFile; fileRef = 5BEBA2D6306939F400503B83 /* LibraryModels.swift */; };
		5BEBA2DA30693A1A00503B83 /* Components.swift in Sources */ = {isa = PBXBuildFile; fileRef = 5BEBA2D830693A1A00503B83 /* Components.swift */; };
		5BEBA2DB30693A1A00503B83 /* PipMascot.swift in Sources */ = {isa = PBXBuildFile; fileRef = 5BEBA2D930693A1A00503B83 /* PipMascot.swift */; };
		5BEBA2DD30693A4400503B83 /* DashboardView.swift in Sources */ = {isa = PBXBuildFile; fileRef = 5BEBA2DC30693A4400503B83 /* DashboardView.swift */; };
		5BEBA2DF30693A5900503B83 /* PhotoCollectionView.swift in Sources */ = {isa = PBXBuildFile; fileRef = 5BEBA2DE30693A5900503B83 /* PhotoCollectionView.swift */; };
		5BEBA2E130693A7200503B83 /* ReviewView.swift in Sources */ = {isa = PBXBuildFile; fileRef = 5BEBA2E030693A7200503B83 /* ReviewView.swift */; };
		5BEBA2E330693A8D00503B83 /* VideoCollectionView.swift in Sources */ = {isa = PBXBuildFile; fileRef = 5BEBA2E230693A8D00503B83 /* VideoCollectionView.swift */; };
		5BEBA2E530693AEA00503B83 /* SelectionPolicyTests.swift in Sources */ = {isa = PBXBuildFile; fileRef = 5BEBA2E430693AEA00503B83 /* SelectionPolicyTests.swift */; };
		5DC93BFCFFC0605B3C84C75E /* PrivacyInfo.xcprivacy in Resources */ = {isa = PBXBuildFile; fileRef = 133FB301B9774E380D6B6B05 /* PrivacyInfo.xcprivacy */; };
		77BE6FD07C5BB3F595711260 /* ContactsStore.swift in Sources */ = {isa = PBXBuildFile; fileRef = D4D8FFA7E311EF892C8965DD /* ContactsStore.swift */; };
		A06181465B43A8B131D9B250 /* VideoPolicyTests.swift in Sources */ = {isa = PBXBuildFile; fileRef = EF7B4CD618248962A0D99DED /* VideoPolicyTests.swift */; };
		AED760161F4F87690B43BBDD /* ClearspaceApp.swift in Sources */ = {isa = PBXBuildFile; fileRef = 1E93C1C2CDE19D235D14DCF4 /* ClearspaceApp.swift */; };
		BB90FD14FF60BAA22360B308 /* LibraryScanner.swift in Sources */ = {isa = PBXBuildFile; fileRef = BC44D7ABB881D05D8C6FC0C0 /* LibraryScanner.swift */; };
		BC0AF0A6A56C5FF93FE4E28C /* ContactsView.swift in Sources */ = {isa = PBXBuildFile; fileRef = 350150681614E04592871831 /* ContactsView.swift */; };
		C5382F48F800EACF8AF69442 /* CleanerStore.swift in Sources */ = {isa = PBXBuildFile; fileRef = 1D75B09B04AC387E7482E7C6 /* CleanerStore.swift */; };
		CD2F5ADA1599990235AE8462 /* ContactPolicyTests.swift in Sources */ = {isa = PBXBuildFile; fileRef = C25181E5F542211F4B144A99 /* ContactPolicyTests.swift */; };
		D2D40B8B045D0BC68682A7BB /* ContactService.swift in Sources */ = {isa = PBXBuildFile; fileRef = 470C0C4811DB0BFBBE9B724C /* ContactService.swift */; };
/* End PBXBuildFile section */

/* Begin PBXContainerItemProxy section */
		7E85D4A68785761E1DBB22D8 /* PBXContainerItemProxy */ = {
			isa = PBXContainerItemProxy;
			containerPortal = 98F54143AB4E86B28C3AFEE0 /* Project object */;
			proxyType = 1;
			remoteGlobalIDString = F75109BEB4DD8800DA6B45F8;
			remoteInfo = Clearspace;
		};
/* End PBXContainerItemProxy section */

/* Begin PBXFileReference section */
		133FB301B9774E380D6B6B05 /* PrivacyInfo.xcprivacy */ = {isa = PBXFileReference; lastKnownFileType = text.xml; name = PrivacyInfo.xcprivacy; path = Clearspace/Resources/PrivacyInfo.xcprivacy; sourceTree = SOURCE_ROOT; };
		1D75B09B04AC387E7482E7C6 /* CleanerStore.swift */ = {isa = PBXFileReference; lastKnownFileType = sourcecode.swift; name = CleanerStore.swift; path = Clearspace/App/CleanerStore.swift; sourceTree = SOURCE_ROOT; };
		1E93C1C2CDE19D235D14DCF4 /* ClearspaceApp.swift */ = {isa = PBXFileReference; lastKnownFileType = sourcecode.swift; name = ClearspaceApp.swift; path = Clearspace/App/ClearspaceApp.swift; sourceTree = SOURCE_ROOT; };
		350150681614E04592871831 /* ContactsView.swift */ = {isa = PBXFileReference; lastKnownFileType = sourcecode.swift; name = ContactsView.swift; path = Clearspace/Features/Contacts/ContactsView.swift; sourceTree = SOURCE_ROOT; };
		470C0C4811DB0BFBBE9B724C /* ContactService.swift */ = {isa = PBXFileReference; lastKnownFileType = sourcecode.swift; name = ContactService.swift; path = Clearspace/Core/Services/ContactService.swift; sourceTree = SOURCE_ROOT; };
		4E783A9E10D2A8ABA38CD11C /* Clearspace.app */ = {isa = PBXFileReference; explicitFileType = wrapper.application; path = Clearspace.app; sourceTree = BUILT_PRODUCTS_DIR; };
		5963187F09BEB002465773B9 /* SplashView.swift */ = {isa = PBXFileReference; lastKnownFileType = sourcecode.swift; name = SplashView.swift; path = Clearspace/Features/Launch/SplashView.swift; sourceTree = SOURCE_ROOT; };
		5BEBA2D6306939F400503B83 /* LibraryModels.swift */ = {isa = PBXFileReference; lastKnownFileType = sourcecode.swift; path = LibraryModels.swift; sourceTree = "<group>"; };
		5BEBA2D830693A1A00503B83 /* Components.swift */ = {isa = PBXFileReference; lastKnownFileType = sourcecode.swift; path = Components.swift; sourceTree = "<group>"; };
		5BEBA2D930693A1A00503B83 /* PipMascot.swift */ = {isa = PBXFileReference; lastKnownFileType = sourcecode.swift; path = PipMascot.swift; sourceTree = "<group>"; };
		5BEBA2DC30693A4400503B83 /* DashboardView.swift */ = {isa = PBXFileReference; lastKnownFileType = sourcecode.swift; path = DashboardView.swift; sourceTree = "<group>"; };
		5BEBA2DE30693A5900503B83 /* PhotoCollectionView.swift */ = {isa = PBXFileReference; lastKnownFileType = sourcecode.swift; path = PhotoCollectionView.swift; sourceTree = "<group>"; };
		5BEBA2E030693A7200503B83 /* ReviewView.swift */ = {isa = PBXFileReference; lastKnownFileType = sourcecode.swift; path = ReviewView.swift; sourceTree = "<group>"; };
		5BEBA2E230693A8D00503B83 /* VideoCollectionView.swift */ = {isa = PBXFileReference; lastKnownFileType = sourcecode.swift; path = VideoCollectionView.swift; sourceTree = "<group>"; };
		5BEBA2E430693AEA00503B83 /* SelectionPolicyTests.swift */ = {isa = PBXFileReference; lastKnownFileType = sourcecode.swift; path = SelectionPolicyTests.swift; sourceTree = "<group>"; };
		6C7CCDEB3609F1FAA874E941 /* ClearspaceTests.xctest */ = {isa = PBXFileReference; explicitFileType = wrapper.cfbundle; path = ClearspaceTests.xctest; sourceTree = BUILT_PRODUCTS_DIR; };
		73F1AAA7D8C67CBA112B5DEA /* PhotoRequests.swift */ = {isa = PBXFileReference; lastKnownFileType = sourcecode.swift; name = PhotoRequests.swift; path = Clearspace/Core/Services/PhotoRequests.swift; sourceTree = SOURCE_ROOT; };
		85A365BD3165443B28372D17 /* ContactModels.swift */ = {isa = PBXFileReference; lastKnownFileType = sourcecode.swift; name = ContactModels.swift; path = Clearspace/Core/Models/ContactModels.swift; sourceTree = SOURCE_ROOT; };
		AE691EFE359BB024898D45AC /* Assets.xcassets */ = {isa = PBXFileReference; lastKnownFileType = folder.assetcatalog; name = Assets.xcassets; path = Clearspace/Resources/Assets.xcassets; sourceTree = SOURCE_ROOT; };
		B697C04F8A16FB579C1C4582 /* Info.plist */ = {isa = PBXFileReference; lastKnownFileType = text.plist.xml; name = Info.plist; path = Clearspace/Resources/Info.plist; sourceTree = SOURCE_ROOT; };
		BC44D7ABB881D05D8C6FC0C0 /* LibraryScanner.swift */ = {isa = PBXFileReference; lastKnownFileType = sourcecode.swift; name = LibraryScanner.swift; path = Clearspace/Core/Services/LibraryScanner.swift; sourceTree = SOURCE_ROOT; };
		C25181E5F542211F4B144A99 /* ContactPolicyTests.swift */ = {isa = PBXFileReference; lastKnownFileType = sourcecode.swift; name = ContactPolicyTests.swift; path = ClearspaceTests/ContactPolicyTests.swift; sourceTree = SOURCE_ROOT; };
		D4D8FFA7E311EF892C8965DD /* ContactsStore.swift */ = {isa = PBXFileReference; lastKnownFileType = sourcecode.swift; name = ContactsStore.swift; path = Clearspace/App/ContactsStore.swift; sourceTree = SOURCE_ROOT; };
		EF7B4CD618248962A0D99DED /* VideoPolicyTests.swift */ = {isa = PBXFileReference; lastKnownFileType = sourcecode.swift; name = VideoPolicyTests.swift; path = ClearspaceTests/VideoPolicyTests.swift; sourceTree = SOURCE_ROOT; };
/* End PBXFileReference section */

/* Begin PBXFrameworksBuildPhase section */
		BD92572B49AC16A86614498D /* Frameworks */ = {
			isa = PBXFrameworksBuildPhase;
			buildActionMask = 2147483647;
			files = (
			);
			runOnlyForDeploymentPostprocessing = 0;
		};
		E05DB79C430AA1B0BA487AFC /* Frameworks */ = {
			isa = PBXFrameworksBuildPhase;
			buildActionMask = 2147483647;
			files = (
			);
			runOnlyForDeploymentPostprocessing = 0;
		};
/* End PBXFrameworksBuildPhase section */

/* Begin PBXGroup section */
		01F484C0BBBBA66C5239EA11 /* Features */ = {
			isa = PBXGroup;
			children = (
				776862CA04A375B931E194B1 /* Contacts */,
				498798892C27BFAB180DCB8F /* Dashboard */,
				1911357E6633CD4CBEBCF58F /* Launch */,
				C8D79125C8C86F9534220EF4 /* Photos */,
				5A57CB6985231D65DAAF0278 /* Review */,
				7B432ECED652046646E5CD1A /* Videos */,
			);
			path = Features;
			sourceTree = "<group>";
		};
		0FA261DA1DB5553F5C64057C /* Core */ = {
			isa = PBXGroup;
			children = (
				A6CA3302C17DA97D7E7A9595 /* Models */,
				CF8A655EDBEC142964D70D7A /* Services */,
			);
			path = Core;
			sourceTree = "<group>";
		};
		117CE0FB18E304DE29FDDD09 /* App */ = {
			isa = PBXGroup;
			children = (
				1D75B09B04AC387E7482E7C6 /* CleanerStore.swift */,
				1E93C1C2CDE19D235D14DCF4 /* ClearspaceApp.swift */,
				D4D8FFA7E311EF892C8965DD /* ContactsStore.swift */,
			);
			path = App;
			sourceTree = "<group>";
		};
		1911357E6633CD4CBEBCF58F /* Launch */ = {
			isa = PBXGroup;
			children = (
				5963187F09BEB002465773B9 /* SplashView.swift */,
			);
			path = Launch;
			sourceTree = "<group>";
		};
		1BF78A29A24F1390ED80B96B /* DesignSystem */ = {
			isa = PBXGroup;
			children = (
				5BEBA2D830693A1A00503B83 /* Components.swift */,
				5BEBA2D930693A1A00503B83 /* PipMascot.swift */,
			);
			path = DesignSystem;
			sourceTree = "<group>";
		};
		42944EBC669F21BC22392EB5 = {
			isa = PBXGroup;
			children = (
				DBCD85B84757BC69D7C42038 /* Clearspace */,
				EE08D1CD2211176435580A40 /* ClearspaceTests */,
				FBDC4F23F93125BBEEAE800C /* Products */,
			);
			sourceTree = "<group>";
		};
		498798892C27BFAB180DCB8F /* Dashboard */ = {
			isa = PBXGroup;
			children = (
				5BEBA2DC30693A4400503B83 /* DashboardView.swift */,
			);
			path = Dashboard;
			sourceTree = "<group>";
		};
		5A57CB6985231D65DAAF0278 /* Review */ = {
			isa = PBXGroup;
			children = (
				5BEBA2E030693A7200503B83 /* ReviewView.swift */,
			);
			path = Review;
			sourceTree = "<group>";
		};
		776862CA04A375B931E194B1 /* Contacts */ = {
			isa = PBXGroup;
			children = (
				350150681614E04592871831 /* ContactsView.swift */,
			);
			path = Contacts;
			sourceTree = "<group>";
		};
		7B432ECED652046646E5CD1A /* Videos */ = {
			isa = PBXGroup;
			children = (
				5BEBA2E230693A8D00503B83 /* VideoCollectionView.swift */,
			);
			path = Videos;
			sourceTree = "<group>";
		};
		A6CA3302C17DA97D7E7A9595 /* Models */ = {
			isa = PBXGroup;
			children = (
				85A365BD3165443B28372D17 /* ContactModels.swift */,
				5BEBA2D6306939F400503B83 /* LibraryModels.swift */,
			);
			path = Models;
			sourceTree = "<group>";
		};
		C0A150045F4AB90584B379A8 /* Resources */ = {
			isa = PBXGroup;
			children = (
				AE691EFE359BB024898D45AC /* Assets.xcassets */,
				B697C04F8A16FB579C1C4582 /* Info.plist */,
				133FB301B9774E380D6B6B05 /* PrivacyInfo.xcprivacy */,
			);
			path = Resources;
			sourceTree = "<group>";
		};
		C8D79125C8C86F9534220EF4 /* Photos */ = {
			isa = PBXGroup;
			children = (
				5BEBA2DE30693A5900503B83 /* PhotoCollectionView.swift */,
			);
			path = Photos;
			sourceTree = "<group>";
		};
		CF8A655EDBEC142964D70D7A /* Services */ = {
			isa = PBXGroup;
			children = (
				470C0C4811DB0BFBBE9B724C /* ContactService.swift */,
				BC44D7ABB881D05D8C6FC0C0 /* LibraryScanner.swift */,
				73F1AAA7D8C67CBA112B5DEA /* PhotoRequests.swift */,
			);
			path = Services;
			sourceTree = "<group>";
		};
		DBCD85B84757BC69D7C42038 /* Clearspace */ = {
			isa = PBXGroup;
			children = (
				117CE0FB18E304DE29FDDD09 /* App */,
				0FA261DA1DB5553F5C64057C /* Core */,
				1BF78A29A24F1390ED80B96B /* DesignSystem */,
				01F484C0BBBBA66C5239EA11 /* Features */,
				C0A150045F4AB90584B379A8 /* Resources */,
			);
			path = Clearspace;
			sourceTree = "<group>";
		};
		EE08D1CD2211176435580A40 /* ClearspaceTests */ = {
			isa = PBXGroup;
			children = (
				C25181E5F542211F4B144A99 /* ContactPolicyTests.swift */,
				5BEBA2E430693AEA00503B83 /* SelectionPolicyTests.swift */,
				EF7B4CD618248962A0D99DED /* VideoPolicyTests.swift */,
			);
			path = ClearspaceTests;
			sourceTree = "<group>";
		};
		FBDC4F23F93125BBEEAE800C /* Products */ = {
			isa = PBXGroup;
			children = (
				4E783A9E10D2A8ABA38CD11C /* Clearspace.app */,
				6C7CCDEB3609F1FAA874E941 /* ClearspaceTests.xctest */,
			);
			name = Products;
			sourceTree = "<group>";
		};
/* End PBXGroup section */

/* Begin PBXNativeTarget section */
		C062A5A4A7F4F37DD90F54CB /* ClearspaceTests */ = {
			isa = PBXNativeTarget;
			buildConfigurationList = 61AF5D6BEA2D148C6F2833BF /* Build configuration list for PBXNativeTarget "ClearspaceTests" */;
			buildPhases = (
				77A03FEE20FE96AD9384861E /* Sources */,
				E05DB79C430AA1B0BA487AFC /* Frameworks */,
				D5C76E148680C094C001AC35 /* Resources */,
			);
			buildRules = (
			);
			dependencies = (
				9F8F6AF81E0B8CD0E2C16D29 /* PBXTargetDependency */,
			);
			name = ClearspaceTests;
			productName = ClearspaceTests;
			productReference = 6C7CCDEB3609F1FAA874E941 /* ClearspaceTests.xctest */;
			productType = "com.apple.product-type.bundle.unit-test";
		};
		F75109BEB4DD8800DA6B45F8 /* Clearspace */ = {
			isa = PBXNativeTarget;
			buildConfigurationList = F37922C48DA5978D02C9E50E /* Build configuration list for PBXNativeTarget "Clearspace" */;
			buildPhases = (
				949D493B91791558E87BC5D7 /* Sources */,
				BD92572B49AC16A86614498D /* Frameworks */,
				8ECC8B5D05B79F879ACDF1A2 /* Resources */,
			);
			buildRules = (
			);
			dependencies = (
			);
			name = Clearspace;
			productName = Clearspace;
			productReference = 4E783A9E10D2A8ABA38CD11C /* Clearspace.app */;
			productType = "com.apple.product-type.application";
		};
/* End PBXNativeTarget section */

/* Begin PBXProject section */
		98F54143AB4E86B28C3AFEE0 /* Project object */ = {
			isa = PBXProject;
			attributes = {
				LastUpgradeCheck = 1600;
				TargetAttributes = {
					C062A5A4A7F4F37DD90F54CB = {
						CreatedOnToolsVersion = 16.0;
						TestTargetID = F75109BEB4DD8800DA6B45F8;
					};
					F75109BEB4DD8800DA6B45F8 = {
						CreatedOnToolsVersion = 16.0;
					};
				};
			};
			buildConfigurationList = 862894B703A6DEDF96A9DD6C /* Build configuration list for PBXProject "Clearspace" */;
			compatibilityVersion = "Xcode 14.0";
			developmentRegion = en;
			hasScannedForEncodings = 0;
			knownRegions = (
				en,
				Base,
			);
			mainGroup = 42944EBC669F21BC22392EB5;
			productRefGroup = FBDC4F23F93125BBEEAE800C /* Products */;
			projectDirPath = "";
			projectRoot = "";
			targets = (
				F75109BEB4DD8800DA6B45F8 /* Clearspace */,
				C062A5A4A7F4F37DD90F54CB /* ClearspaceTests */,
			);
		};
/* End PBXProject section */

/* Begin PBXResourcesBuildPhase section */
		8ECC8B5D05B79F879ACDF1A2 /* Resources */ = {
			isa = PBXResourcesBuildPhase;
			buildActionMask = 2147483647;
			files = (
				25E9BEAB0FDBADE361797536 /* Assets.xcassets in Resources */,
				5DC93BFCFFC0605B3C84C75E /* PrivacyInfo.xcprivacy in Resources */,
			);
			runOnlyForDeploymentPostprocessing = 0;
		};
		D5C76E148680C094C001AC35 /* Resources */ = {
			isa = PBXResourcesBuildPhase;
			buildActionMask = 2147483647;
			files = (
			);
			runOnlyForDeploymentPostprocessing = 0;
		};
/* End PBXResourcesBuildPhase section */

/* Begin PBXSourcesBuildPhase section */
		77A03FEE20FE96AD9384861E /* Sources */ = {
			isa = PBXSourcesBuildPhase;
			buildActionMask = 2147483647;
			files = (
				CD2F5ADA1599990235AE8462 /* ContactPolicyTests.swift in Sources */,
				5BEBA2E530693AEA00503B83 /* SelectionPolicyTests.swift in Sources */,
				A06181465B43A8B131D9B250 /* VideoPolicyTests.swift in Sources */,
			);
			runOnlyForDeploymentPostprocessing = 0;
		};
		949D493B91791558E87BC5D7 /* Sources */ = {
			isa = PBXSourcesBuildPhase;
			buildActionMask = 2147483647;
			files = (
				C5382F48F800EACF8AF69442 /* CleanerStore.swift in Sources */,
				AED760161F4F87690B43BBDD /* ClearspaceApp.swift in Sources */,
				5BEBA2E130693A7200503B83 /* ReviewView.swift in Sources */,
				77BE6FD07C5BB3F595711260 /* ContactsStore.swift in Sources */,
				5BEBA2DD30693A4400503B83 /* DashboardView.swift in Sources */,
				4B931E5DE50D65AF005BAEDC /* ContactModels.swift in Sources */,
				D2D40B8B045D0BC68682A7BB /* ContactService.swift in Sources */,
				BB90FD14FF60BAA22360B308 /* LibraryScanner.swift in Sources */,
				29038600B7A12A9B4F1E080E /* PhotoRequests.swift in Sources */,
				BC0AF0A6A56C5FF93FE4E28C /* ContactsView.swift in Sources */,
				5BEBA2DA30693A1A00503B83 /* Components.swift in Sources */,
				5BEBA2DB30693A1A00503B83 /* PipMascot.swift in Sources */,
				5BEBA2D7306939F400503B83 /* LibraryModels.swift in Sources */,
				5BEBA2DF30693A5900503B83 /* PhotoCollectionView.swift in Sources */,
				261B48C2F8650696FA83BE01 /* SplashView.swift in Sources */,
				5BEBA2E330693A8D00503B83 /* VideoCollectionView.swift in Sources */,
			);
			runOnlyForDeploymentPostprocessing = 0;
		};
/* End PBXSourcesBuildPhase section */

/* Begin PBXTargetDependency section */
		9F8F6AF81E0B8CD0E2C16D29 /* PBXTargetDependency */ = {
			isa = PBXTargetDependency;
			target = F75109BEB4DD8800DA6B45F8 /* Clearspace */;
			targetProxy = 7E85D4A68785761E1DBB22D8 /* PBXContainerItemProxy */;
		};
/* End PBXTargetDependency section */

/* Begin XCBuildConfiguration section */
		0F3D67935A4F199E058A017A /* Debug */ = {
			isa = XCBuildConfiguration;
			buildSettings = {
				BUNDLE_LOADER = "$(TEST_HOST)";
				CLANG_ENABLE_MODULES = YES;
				CODE_SIGN_STYLE = Automatic;
				CURRENT_PROJECT_VERSION = 1;
				DEBUG_INFORMATION_FORMAT = dwarf;
				ENABLE_TESTABILITY = YES;
				GENERATE_INFOPLIST_FILE = YES;
				IPHONEOS_DEPLOYMENT_TARGET = 17.0;
				LD_RUNPATH_SEARCH_PATHS = (
					"$(inherited)",
					"@executable_path/Frameworks",
					"@loader_path/Frameworks",
				);
				MARKETING_VERSION = 0.2.0;
				PRODUCT_BUNDLE_IDENTIFIER = com.anshumannitnaware.ClearspaceTests;
				PRODUCT_NAME = "$(TARGET_NAME)";
				SDKROOT = iphoneos;
				SUPPORTED_PLATFORMS = "iphoneos iphonesimulator";
				SUPPORTS_MACCATALYST = NO;
				SUPPORTS_MAC_DESIGNED_FOR_IPHONE_IPAD = NO;
				SWIFT_ACTIVE_COMPILATION_CONDITIONS = DEBUG;
				SWIFT_OPTIMIZATION_LEVEL = "-Onone";
				SWIFT_VERSION = 5.0;
				TARGETED_DEVICE_FAMILY = 1;
				TEST_HOST = "$(BUILT_PRODUCTS_DIR)/Clearspace.app/Clearspace";
			};
			name = Debug;
		};
		20B70E15FDC36C625E57F658 /* Release */ = {
			isa = XCBuildConfiguration;
			buildSettings = {
				BUNDLE_LOADER = "$(TEST_HOST)";
				CLANG_ENABLE_MODULES = YES;
				CODE_SIGN_STYLE = Automatic;
				CURRENT_PROJECT_VERSION = 1;
				DEBUG_INFORMATION_FORMAT = "dwarf-with-dsym";
				GENERATE_INFOPLIST_FILE = YES;
				IPHONEOS_DEPLOYMENT_TARGET = 17.0;
				LD_RUNPATH_SEARCH_PATHS = (
					"$(inherited)",
					"@executable_path/Frameworks",
					"@loader_path/Frameworks",
				);
				MARKETING_VERSION = 0.2.0;
				PRODUCT_BUNDLE_IDENTIFIER = com.anshumannitnaware.ClearspaceTests;
				PRODUCT_NAME = "$(TARGET_NAME)";
				SDKROOT = iphoneos;
				SUPPORTED_PLATFORMS = "iphoneos iphonesimulator";
				SUPPORTS_MACCATALYST = NO;
				SUPPORTS_MAC_DESIGNED_FOR_IPHONE_IPAD = NO;
				SWIFT_OPTIMIZATION_LEVEL = "-O";
				SWIFT_VERSION = 5.0;
				TARGETED_DEVICE_FAMILY = 1;
				TEST_HOST = "$(BUILT_PRODUCTS_DIR)/Clearspace.app/Clearspace";
			};
			name = Release;
		};
		5A8C91857F674E16E2724F47 /* Release */ = {
			isa = XCBuildConfiguration;
			buildSettings = {
				ASSETCATALOG_COMPILER_APPICON_NAME = AppIcon;
				ASSETCATALOG_COMPILER_GLOBAL_ACCENT_COLOR_NAME = AccentColor;
				CLANG_ENABLE_MODULES = YES;
				CODE_SIGN_STYLE = Automatic;
				CURRENT_PROJECT_VERSION = 1;
				DEBUG_INFORMATION_FORMAT = "dwarf-with-dsym";
				GENERATE_INFOPLIST_FILE = NO;
				INFOPLIST_FILE = Clearspace/Resources/Info.plist;
				IPHONEOS_DEPLOYMENT_TARGET = 17.0;
				LD_RUNPATH_SEARCH_PATHS = (
					"$(inherited)",
					"@executable_path/Frameworks",
				);
				MARKETING_VERSION = 0.2.0;
				PRODUCT_BUNDLE_IDENTIFIER = com.anshumannitnaware.Clearspace;
				PRODUCT_NAME = "$(TARGET_NAME)";
				SDKROOT = iphoneos;
				SUPPORTED_PLATFORMS = "iphoneos iphonesimulator";
				SUPPORTS_MACCATALYST = NO;
				SUPPORTS_MAC_DESIGNED_FOR_IPHONE_IPAD = NO;
				SWIFT_OPTIMIZATION_LEVEL = "-O";
				SWIFT_VERSION = 5.0;
				TARGETED_DEVICE_FAMILY = 1;
			};
			name = Release;
		};
		89E1FD6268CC0F221A2BE178 /* Debug */ = {
			isa = XCBuildConfiguration;
			buildSettings = {
				CLANG_ENABLE_MODULES = YES;
				DEBUG_INFORMATION_FORMAT = dwarf;
				ENABLE_TESTABILITY = YES;
				IPHONEOS_DEPLOYMENT_TARGET = 17.0;
				SDKROOT = iphoneos;
				SWIFT_ACTIVE_COMPILATION_CONDITIONS = DEBUG;
				SWIFT_OPTIMIZATION_LEVEL = "-Onone";
			};
			name = Debug;
		};
		E6DE6C99132752C914FEF632 /* Release */ = {
			isa = XCBuildConfiguration;
			buildSettings = {
				CLANG_ENABLE_MODULES = YES;
				DEBUG_INFORMATION_FORMAT = "dwarf-with-dsym";
				IPHONEOS_DEPLOYMENT_TARGET = 17.0;
				SDKROOT = iphoneos;
				SWIFT_OPTIMIZATION_LEVEL = "-O";
			};
			name = Release;
		};
		E9B2E96ABC5F6856F2BE79CF /* Debug */ = {
			isa = XCBuildConfiguration;
			buildSettings = {
				ASSETCATALOG_COMPILER_APPICON_NAME = AppIcon;
				ASSETCATALOG_COMPILER_GLOBAL_ACCENT_COLOR_NAME = AccentColor;
				CLANG_ENABLE_MODULES = YES;
				CODE_SIGN_STYLE = Automatic;
				CURRENT_PROJECT_VERSION = 1;
				DEBUG_INFORMATION_FORMAT = dwarf;
				ENABLE_TESTABILITY = YES;
				GENERATE_INFOPLIST_FILE = NO;
				INFOPLIST_FILE = Clearspace/Resources/Info.plist;
				IPHONEOS_DEPLOYMENT_TARGET = 17.0;
				LD_RUNPATH_SEARCH_PATHS = (
					"$(inherited)",
					"@executable_path/Frameworks",
				);
				MARKETING_VERSION = 0.2.0;
				PRODUCT_BUNDLE_IDENTIFIER = com.anshumannitnaware.Clearspace;
				PRODUCT_NAME = "$(TARGET_NAME)";
				SDKROOT = iphoneos;
				SUPPORTED_PLATFORMS = "iphoneos iphonesimulator";
				SUPPORTS_MACCATALYST = NO;
				SUPPORTS_MAC_DESIGNED_FOR_IPHONE_IPAD = NO;
				SWIFT_ACTIVE_COMPILATION_CONDITIONS = DEBUG;
				SWIFT_OPTIMIZATION_LEVEL = "-Onone";
				SWIFT_VERSION = 5.0;
				TARGETED_DEVICE_FAMILY = 1;
			};
			name = Debug;
		};
/* End XCBuildConfiguration section */

/* Begin XCConfigurationList section */
		61AF5D6BEA2D148C6F2833BF /* Build configuration list for PBXNativeTarget "ClearspaceTests" */ = {
			isa = XCConfigurationList;
			buildConfigurations = (
				0F3D67935A4F199E058A017A /* Debug */,
				20B70E15FDC36C625E57F658 /* Release */,
			);
			defaultConfigurationIsVisible = 0;
			defaultConfigurationName = Release;
		};
		862894B703A6DEDF96A9DD6C /* Build configuration list for PBXProject "Clearspace" */ = {
			isa = XCConfigurationList;
			buildConfigurations = (
				89E1FD6268CC0F221A2BE178 /* Debug */,
				E6DE6C99132752C914FEF632 /* Release */,
			);
			defaultConfigurationIsVisible = 0;
			defaultConfigurationName = Release;
		};
		F37922C48DA5978D02C9E50E /* Build configuration list for PBXNativeTarget "Clearspace" */ = {
			isa = XCConfigurationList;
			buildConfigurations = (
				E9B2E96ABC5F6856F2BE79CF /* Debug */,
				5A8C91857F674E16E2724F47 /* Release */,
			);
			defaultConfigurationIsVisible = 0;
			defaultConfigurationName = Release;
		};
/* End XCConfigurationList section */
	};
	rootObject = 98F54143AB4E86B28C3AFEE0 /* Project object */;
}
